{
  "version": 4,
  "terraform_version": "1.3.2",
  "serial": 5,
  "lineage": "46a0e92b-d237-ff2a-63ca-1c647ddc17ec",
  "outputs": {},
  "resources": [
    {
      "mode": "data",
      "type": "digitalocean_ssh_key",
      "name": "rodrigo",
      "provider": "provider[\"registry.terraform.io/digitalocean/digitalocean\"]",
      "instances": [
        {
          "schema_version": 0,
          "attributes": {
            "fingerprint": "77:14:da:8e:07:c9:fd:29:b6:45:96:3b:e2:55:3c:b2",
            "id": 36560937,
            "name": "rodrigo",
            "public_key": "ssh-rsa AAAAB3NzaC1yc2EAAAADAQABAAACAQDUoP97HFqUXjRYRMCkJBjmJK6PogRHCexEWJcdbNl0IxCUIo1g+oTTvgXbxkbigsaFPSJuNl+yiY7w1Wvoj71x4TXRtb2qe53P9O51rQn5ZqrwSbXBGjEoM4hAF+mQjbqRsv6eh4X/nl5FFSsFyq212d+Si+9Sv68Qpj/ODeGsrYujTihpmTm6IctVckS8C1Kdvr1P5panhpS21xtBYbL+LovE8xb9XK3sMZx2/7ngdrdcb/6h8INpi0C9KjVw1/xrkQPgzjvSHlpGlHVet20jXuk9W9HvpnrC8CFh0Srf+4JSqPTMHZqzcLtzFYVatgTA7/vY9ZpeqYS7Wy6cZDHsPf4QOhYZHbLtqTtGigyeMO2uK+A0PoGpmyVInPVC1wS9ijUt74VXilYWvRQ0f6VmVTcESDg59UGHmDgsFc5ujM2eyS4rcVhOPXiPJAtqMCMyJkuC3WS2lAc+fqJ4iun6sslVTNbNkAYiNq+/xiuRlPVDNRD6UjL30Z5EtK6pCgXemLvr+yfsDKKJ7Ulz6O2r423ZPtmmTEII8yyE9okKsCTEcpH48RztsYgnlXVu6R8/eh0tlbaH+L4Ydp6C02FuzP45x2lmg3DVuKyRJ75/WC1N1JDpUdJdSEMbcAHP7DZr3GgVRJa+cb5ZrgQzBXESHFmKVOF4++HEt2xNUzTA8w== rodrigordavila@gmail.com"
          },
          "sensitive_attributes": []
        }
      ]
    },
    {
      "mode": "managed",
      "type": "digitalocean_droplet",
      "name": "jenkins",
      "provider": "provider[\"registry.terraform.io/digitalocean/digitalocean\"]",
      "instances": [
        {
          "schema_version": 1,
          "attributes": {
            "backups": false,
            "created_at": "2022-10-22T20:12:53Z",
            "disk": 60,
            "droplet_agent": null,
            "graceful_shutdown": false,
            "id": "322400283",
            "image": "ubuntu-22-04-x64",
            "ipv4_address": "146.190.210.156",
            "ipv4_address_private": "10.116.0.2",
            "ipv6": false,
            "ipv6_address": "",
            "locked": false,
            "memory": 2048,
            "monitoring": false,
            "name": "jenkins",
            "price_hourly": 0.02679,
            "price_monthly": 18,
            "private_networking": true,
            "region": "nyc1",
            "resize_disk": true,
            "size": "s-2vcpu-2gb",
            "ssh_keys": [
              "36560937"
            ],
            "status": "active",
            "tags": null,
            "timeouts": null,
            "urn": "do:droplet:322400283",
            "user_data": null,
            "vcpus": 2,
            "volume_ids": [],
            "vpc_uuid": "252f9dc1-4413-41f2-bd37-441473cf0ec3"
          },
          "sensitive_attributes": [],
          "private": "eyJlMmJmYjczMC1lY2FhLTExZTYtOGY4OC0zNDM2M2JjN2M0YzAiOnsiY3JlYXRlIjozNjAwMDAwMDAwMDAwLCJkZWxldGUiOjYwMDAwMDAwMDAwLCJ1cGRhdGUiOjM2MDAwMDAwMDAwMDB9LCJzY2hlbWFfdmVyc2lvbiI6IjEifQ==",
          "dependencies": [
            "data.digitalocean_ssh_key.rodrigo"
          ]
        }
      ]
    }
  ],
  "check_results": []
}
